// !$*UTF8*$!
{
	archiveVersion = 1;
	classes = {
	};
	objectVersion = 50;
	objects = {

/* Begin PBXBuildFile section */
		7B6080D52234651600751401 /* JRSwizzle.m in Sources */ = {isa = PBXBuildFile; fileRef = 7B6080D42234651600751401 /* JRSwizzle.m */; };
		7B6080DA223483F900751401 /* HPNSimpleObject_J.m in Sources */ = {isa = PBXBuildFile; fileRef = 7B6080D7223483F900751401 /* HPNSimpleObject_J.m */; };
		7B6080DB223483F900751401 /* HPNSimpleObject_H.m in Sources */ = {isa = PBXBuildFile; fileRef = 7B6080D9223483F900751401 /* HPNSimpleObject_H.m */; };
		7B6080E322353CDD00751401 /* AppDelegate.swift in Sources */ = {isa = PBXBuildFile; fileRef = 7B6080E222353CDD00751401 /* AppDelegate.swift */; };
		7B6080E522353CDD00751401 /* ViewController.swift in Sources */ = {isa = PBXBuildFile; fileRef = 7B6080E422353CDD00751401 /* ViewController.swift */; };
		7B6080E822353CDD00751401 /* Main.storyboard in Resources */ = {isa = PBXBuildFile; fileRef = 7B6080E622353CDD00751401 /* Main.storyboard */; };
		7B6080EA22353CDF00751401 /* Assets.xcassets in Resources */ = {isa = PBXBuildFile; fileRef = 7B6080E922353CDF00751401 /* Assets.xcassets */; };
		7B6080ED22353CDF00751401 /* LaunchScreen.storyboard in Resources */ = {isa = PBXBuildFile; fileRef = 7B6080EB22353CDF00751401 /* LaunchScreen.storyboard */; };
		7B6080F322353CEE00751401 /* JRSwizzle.m in Sources */ = {isa = PBXBuildFile; fileRef = 7B6080D42234651600751401 /* JRSwizzle.m */; };
		7B6080F622353D3A00751401 /* UIView+Swizzling.m in Sources */ = {isa = PBXBuildFile; fileRef = 7B6080F522353D3A00751401 /* UIView+Swizzling.m */; };
		7B6080F8223553E500751401 /* ManualSwizzle.m in Sources */ = {isa = PBXBuildFile; fileRef = 7B6080F7223553E500751401 /* ManualSwizzle.m */; };
		7B6080F9223553E500751401 /* ManualSwizzle.m in Sources */ = {isa = PBXBuildFile; fileRef = 7B6080F7223553E500751401 /* ManualSwizzle.m */; };
		7BB682B3221C80E80008DB37 /* main.swift in Sources */ = {isa = PBXBuildFile; fileRef = 7BB682B2221C80E80008DB37 /* main.swift */; };
		7BC0AFD02235D72400EF4920 /* HPNSwizzling.framework in Frameworks */ = {isa = PBXBuildFile; fileRef = 7BC0AFCE2235D72400EF4920 /* HPNSwizzling.framework */; };
		7BC0AFD32235D73300EF4920 /* HPNSwizzling.framework in Frameworks */ = {isa = PBXBuildFile; fileRef = 7BC0AFC92235D71400EF4920 /* HPNSwizzling.framework */; };
		7BC0AFD42235D73300EF4920 /* HPNSwizzling.framework in Embed Frameworks */ = {isa = PBXBuildFile; fileRef = 7BC0AFC92235D71400EF4920 /* HPNSwizzling.framework */; settings = {ATTRIBUTES = (CodeSignOnCopy, RemoveHeadersOnCopy, ); }; };
		7BD029FE2237FB2C00794AA5 /* main.swift in Sources */ = {isa = PBXBuildFile; fileRef = 7BD029FD2237FB2C00794AA5 /* main.swift */; };
		7BD02A082238025500794AA5 /* HPNSimpleObject.m in Sources */ = {isa = PBXBuildFile; fileRef = 7BD02A072238025500794AA5 /* HPNSimpleObject.m */; };
		7BD02A0B2238055C00794AA5 /* HPNObjectHelptender.m in Sources */ = {isa = PBXBuildFile; fileRef = 7BD02A0A2238055C00794AA5 /* HPNObjectHelptender.m */; };
		7BD02A0D2238058400794AA5 /* eXtenderZ.framework in Frameworks */ = {isa = PBXBuildFile; fileRef = 7BC0AFCD2235D72400EF4920 /* eXtenderZ.framework */; };
		7BD02A102238101A00794AA5 /* ExceptionCatchingInSwift.m in Sources */ = {isa = PBXBuildFile; fileRef = 7BD02A0E2238101A00794AA5 /* ExceptionCatchingInSwift.m */; };
		7BD02A122238126300794AA5 /* ObjectExtenders.swift in Sources */ = {isa = PBXBuildFile; fileRef = 7BD02A112238126300794AA5 /* ObjectExtenders.swift */; };
		7BD02A3822386AEE00794AA5 /* AppDelegate.swift in Sources */ = {isa = PBXBuildFile; fileRef = 7BD02A3722386AEE00794AA5 /* AppDelegate.swift */; };
		7BD02A3A22386AEE00794AA5 /* ViewController.swift in Sources */ = {isa = PBXBuildFile; fileRef = 7BD02A3922386AEE00794AA5 /* ViewController.swift */; };
		7BD02A3D22386AEE00794AA5 /* Main.storyboard in Resources */ = {isa = PBXBuildFile; fileRef = 7BD02A3B22386AEE00794AA5 /* Main.storyboard */; };
		7BD02A3F22386AEF00794AA5 /* Assets.xcassets in Resources */ = {isa = PBXBuildFile; fileRef = 7BD02A3E22386AEF00794AA5 /* Assets.xcassets */; };
		7BD02A4222386AEF00794AA5 /* LaunchScreen.storyboard in Resources */ = {isa = PBXBuildFile; fileRef = 7BD02A4022386AEF00794AA5 /* LaunchScreen.storyboard */; };
		7BD02A4722386B0500794AA5 /* eXtenderZ.framework in Frameworks */ = {isa = PBXBuildFile; fileRef = 7BC0AFCA2235D71400EF4920 /* eXtenderZ.framework */; };
		7BD02A4822386B0500794AA5 /* eXtenderZ.framework in Embed Frameworks */ = {isa = PBXBuildFile; fileRef = 7BC0AFCA2235D71400EF4920 /* eXtenderZ.framework */; settings = {ATTRIBUTES = (CodeSignOnCopy, RemoveHeadersOnCopy, ); }; };
		7BD02A4D22386EDB00794AA5 /* HPNScrollViewHelptender.m in Sources */ = {isa = PBXBuildFile; fileRef = 7BD02A4C22386EDB00794AA5 /* HPNScrollViewHelptender.m */; };
		7BD02A4F2238727000794AA5 /* CustomCancellableTouchesSVE.swift in Sources */ = {isa = PBXBuildFile; fileRef = 7BD02A4E2238727000794AA5 /* CustomCancellableTouchesSVE.swift */; };
		7BDFC217221CC45C00AB1EAB /* HPNSimpleObject_M.m in Sources */ = {isa = PBXBuildFile; fileRef = 7BDFC216221CC45C00AB1EAB /* HPNSimpleObject_M.m */; };
		7BDFC21B221CC55E00AB1EAB /* HPNSimpleObject+ManualSwizzle.m in Sources */ = {isa = PBXBuildFile; fileRef = 7BDFC21A221CC55E00AB1EAB /* HPNSimpleObject+ManualSwizzle.m */; };
/* End PBXBuildFile section */

/* Begin PBXCopyFilesBuildPhase section */
		7BB682AD221C80E70008DB37 /* CopyFiles */ = {
			isa = PBXCopyFilesBuildPhase;
			buildActionMask = 2147483647;
			dstPath = /usr/share/man/man1/;
			dstSubfolderSpec = 0;
			files = (
			);
			runOnlyForDeploymentPostprocessing = 1;
		};
		7BC0AFD52235D73300EF4920 /* Embed Frameworks */ = {
			isa = PBXCopyFilesBuildPhase;
			buildActionMask = 2147483647;
			dstPath = "";
			dstSubfolderSpec = 10;
			files = (
				7BC0AFD42235D73300EF4920 /* HPNSwizzling.framework in Embed Frameworks */,
			);
			name = "Embed Frameworks";
			runOnlyForDeploymentPostprocessing = 0;
		};
		7BD029F92237FB2B00794AA5 /* CopyFiles */ = {
			isa = PBXCopyFilesBuildPhase;
			buildActionMask = 2147483647;
			dstPath = /usr/share/man/man1/;
			dstSubfolderSpec = 0;
			files = (
			);
			runOnlyForDeploymentPostprocessing = 1;
		};
		7BD02A4922386B0500794AA5 /* Embed Frameworks */ = {
			isa = PBXCopyFilesBuildPhase;
			buildActionMask = 2147483647;
			dstPath = "";
			dstSubfolderSpec = 10;
			files = (
				7BD02A4822386B0500794AA5 /* eXtenderZ.framework in Embed Frameworks */,
			);
			name = "Embed Frameworks";
			runOnlyForDeploymentPostprocessing = 0;
		};
/* End PBXCopyFilesBuildPhase section */

/* Begin PBXFileReference section */
		7B6080D32234651100751401 /* JRSwizzle.h */ = {isa = PBXFileReference; lastKnownFileType = sourcecode.c.h; path = JRSwizzle.h; sourceTree = "<group>"; };
		7B6080D42234651600751401 /* JRSwizzle.m */ = {isa = PBXFileReference; fileEncoding = 4; lastKnownFileType = sourcecode.c.objc; path = JRSwizzle.m; sourceTree = "<group>"; };
		7B6080D6223483F900751401 /* HPNSimpleObject_J.h */ = {isa = PBXFileReference; fileEncoding = 4; lastKnownFileType = sourcecode.c.h; path = HPNSimpleObject_J.h; sourceTree = "<group>"; };
		7B6080D7223483F900751401 /* HPNSimpleObject_J.m */ = {isa = PBXFileReference; fileEncoding = 4; lastKnownFileType = sourcecode.c.objc; path = HPNSimpleObject_J.m; sourceTree = "<group>"; };
		7B6080D8223483F900751401 /* HPNSimpleObject_H.h */ = {isa = PBXFileReference; fileEncoding = 4; lastKnownFileType = sourcecode.c.h; path = HPNSimpleObject_H.h; sourceTree = "<group>"; };
		7B6080D9223483F900751401 /* HPNSimpleObject_H.m */ = {isa = PBXFileReference; fileEncoding = 4; lastKnownFileType = sourcecode.c.objc; path = HPNSimpleObject_H.m; sourceTree = "<group>"; };
		7B6080E022353CDC00751401 /* MethodSwizzlingIniOS.app */ = {isa = PBXFileReference; explicitFileType = wrapper.application; includeInIndex = 0; path = MethodSwizzlingIniOS.app; sourceTree = BUILT_PRODUCTS_DIR; };
		7B6080E222353CDD00751401 /* AppDelegate.swift */ = {isa = PBXFileReference; lastKnownFileType = sourcecode.swift; path = AppDelegate.swift; sourceTree = "<group>"; };
		7B6080E422353CDD00751401 /* ViewController.swift */ = {isa = PBXFileReference; lastKnownFileType = sourcecode.swift; path = ViewController.swift; sourceTree = "<group>"; };
		7B6080E722353CDD00751401 /* Base */ = {isa = PBXFileReference; lastKnownFileType = file.storyboard; name = Base; path = Base.lproj/Main.storyboard; sourceTree = "<group>"; };
		7B6080E922353CDF00751401 /* Assets.xcassets */ = {isa = PBXFileReference; lastKnownFileType = folder.assetcatalog; path = Assets.xcassets; sourceTree = "<group>"; };
		7B6080EC22353CDF00751401 /* Base */ = {isa = PBXFileReference; lastKnownFileType = file.storyboard; name = Base; path = Base.lproj/LaunchScreen.storyboard; sourceTree = "<group>"; };
		7B6080EE22353CDF00751401 /* Info.plist */ = {isa = PBXFileReference; lastKnownFileType = text.plist.xml; path = Info.plist; sourceTree = "<group>"; };
		7B6080F422353D3A00751401 /* UIView+Swizzling.h */ = {isa = PBXFileReference; lastKnownFileType = sourcecode.c.h; path = "UIView+Swizzling.h"; sourceTree = "<group>"; };
		7B6080F522353D3A00751401 /* UIView+Swizzling.m */ = {isa = PBXFileReference; lastKnownFileType = sourcecode.c.objc; path = "UIView+Swizzling.m"; sourceTree = "<group>"; };
		7B6080F7223553E500751401 /* ManualSwizzle.m */ = {isa = PBXFileReference; lastKnownFileType = sourcecode.c.objc; path = ManualSwizzle.m; sourceTree = "<group>"; };
		7B6080FA223553F900751401 /* ManualSwizzle.h */ = {isa = PBXFileReference; lastKnownFileType = sourcecode.c.h; path = ManualSwizzle.h; sourceTree = "<group>"; };
		7BB682AF221C80E70008DB37 /* MethodSwizzlingInCLI */ = {isa = PBXFileReference; explicitFileType = "compiled.mach-o.executable"; includeInIndex = 0; path = MethodSwizzlingInCLI; sourceTree = BUILT_PRODUCTS_DIR; };
		7BB682B2221C80E80008DB37 /* main.swift */ = {isa = PBXFileReference; lastKnownFileType = sourcecode.swift; path = main.swift; sourceTree = "<group>"; };
		7BB682BA221C82720008DB37 /* MethodSwizzlingInCLI-Bridging-Header.h */ = {isa = PBXFileReference; lastKnownFileType = sourcecode.c.h; path = "MethodSwizzlingInCLI-Bridging-Header.h"; sourceTree = "<group>"; };
		7BC0AFC92235D71400EF4920 /* HPNSwizzling.framework */ = {isa = PBXFileReference; lastKnownFileType = wrapper.framework; path = HPNSwizzling.framework; sourceTree = "<group>"; };
		7BC0AFCA2235D71400EF4920 /* eXtenderZ.framework */ = {isa = PBXFileReference; lastKnownFileType = wrapper.framework; path = eXtenderZ.framework; sourceTree = "<group>"; };
		7BC0AFCD2235D72400EF4920 /* eXtenderZ.framework */ = {isa = PBXFileReference; lastKnownFileType = wrapper.framework; path = eXtenderZ.framework; sourceTree = "<group>"; };
		7BC0AFCE2235D72400EF4920 /* HPNSwizzling.framework */ = {isa = PBXFileReference; lastKnownFileType = wrapper.framework; path = HPNSwizzling.framework; sourceTree = "<group>"; };
		7BD029FB2237FB2B00794AA5 /* IsaSwizzlingInCLI */ = {isa = PBXFileReference; explicitFileType = "compiled.mach-o.executable"; includeInIndex = 0; path = IsaSwizzlingInCLI; sourceTree = BUILT_PRODUCTS_DIR; };
		7BD029FD2237FB2C00794AA5 /* main.swift */ = {isa = PBXFileReference; lastKnownFileType = sourcecode.swift; path = main.swift; sourceTree = "<group>"; };
		7BD02A042237FC0300794AA5 /* License.txt */ = {isa = PBXFileReference; lastKnownFileType = text; path = License.txt; sourceTree = "<group>"; };
		7BD02A052238025400794AA5 /* IsaSwizzlingInCLI-Bridging-Header.h */ = {isa = PBXFileReference; lastKnownFileType = sourcecode.c.h; path = "IsaSwizzlingInCLI-Bridging-Header.h"; sourceTree = "<group>"; };
		7BD02A062238025500794AA5 /* HPNSimpleObject.h */ = {isa = PBXFileReference; lastKnownFileType = sourcecode.c.h; path = HPNSimpleObject.h; sourceTree = "<group>"; };
		7BD02A072238025500794AA5 /* HPNSimpleObject.m */ = {isa = PBXFileReference; lastKnownFileType = sourcecode.c.objc; path = HPNSimpleObject.m; sourceTree = "<group>"; };
		7BD02A092238055C00794AA5 /* HPNObjectHelptender.h */ = {isa = PBXFileReference; fileEncoding = 4; lastKnownFileType = sourcecode.c.h; path = HPNObjectHelptender.h; sourceTree = "<group>"; };
		7BD02A0A2238055C00794AA5 /* HPNObjectHelptender.m */ = {isa = PBXFileReference; fileEncoding = 4; lastKnownFileType = sourcecode.c.objc; path = HPNObjectHelptender.m; sourceTree = "<group>"; };
		7BD02A0E2238101A00794AA5 /* ExceptionCatchingInSwift.m */ = {isa = PBXFileReference; fileEncoding = 4; lastKnownFileType = sourcecode.c.objc; path = ExceptionCatchingInSwift.m; sourceTree = "<group>"; };
		7BD02A0F2238101A00794AA5 /* ExceptionCatchingInSwift.h */ = {isa = PBXFileReference; fileEncoding = 4; lastKnownFileType = sourcecode.c.h; path = ExceptionCatchingInSwift.h; sourceTree = "<group>"; };
		7BD02A112238126300794AA5 /* ObjectExtenders.swift */ = {isa = PBXFileReference; lastKnownFileType = sourcecode.swift; path = ObjectExtenders.swift; sourceTree = "<group>"; };
		7BD02A3522386AED00794AA5 /* IsaSwizzlingIniOS.app */ = {isa = PBXFileReference; explicitFileType = wrapper.application; includeInIndex = 0; path = IsaSwizzlingIniOS.app; sourceTree = BUILT_PRODUCTS_DIR; };
		7BD02A3722386AEE00794AA5 /* AppDelegate.swift */ = {isa = PBXFileReference; lastKnownFileType = sourcecode.swift; path = AppDelegate.swift; sourceTree = "<group>"; };
		7BD02A3922386AEE00794AA5 /* ViewController.swift */ = {isa = PBXFileReference; lastKnownFileType = sourcecode.swift; path = ViewController.swift; sourceTree = "<group>"; };
		7BD02A3C22386AEE00794AA5 /* Base */ = {isa = PBXFileReference; lastKnownFileType = file.storyboard; name = Base; path = Base.lproj/Main.storyboard; sourceTree = "<group>"; };
		7BD02A3E22386AEF00794AA5 /* Assets.xcassets */ = {isa = PBXFileReference; lastKnownFileType = folder.assetcatalog; path = Assets.xcassets; sourceTree = "<group>"; };
		7BD02A4122386AEF00794AA5 /* Base */ = {isa = PBXFileReference; lastKnownFileType = file.storyboard; name = Base; path = Base.lproj/LaunchScreen.storyboard; sourceTree = "<group>"; };
		7BD02A4322386AEF00794AA5 /* Info.plist */ = {isa = PBXFileReference; lastKnownFileType = text.plist.xml; path = Info.plist; sourceTree = "<group>"; };
		7BD02A4A22386EDA00794AA5 /* IsaSwizzlingIniOS-Bridging-Header.h */ = {isa = PBXFileReference; lastKnownFileType = sourcecode.c.h; path = "IsaSwizzlingIniOS-Bridging-Header.h"; sourceTree = "<group>"; };
		7BD02A4B22386EDB00794AA5 /* HPNScrollViewHelptender.h */ = {isa = PBXFileReference; lastKnownFileType = sourcecode.c.h; path = HPNScrollViewHelptender.h; sourceTree = "<group>"; };
		7BD02A4C22386EDB00794AA5 /* HPNScrollViewHelptender.m */ = {isa = PBXFileReference; lastKnownFileType = sourcecode.c.objc; path = HPNScrollViewHelptender.m; sourceTree = "<group>"; };
		7BD02A4E2238727000794AA5 /* CustomCancellableTouchesSVE.swift */ = {isa = PBXFileReference; lastKnownFileType = sourcecode.swift; path = CustomCancellableTouchesSVE.swift; sourceTree = "<group>"; };
		7BDFC216221CC45C00AB1EAB /* HPNSimpleObject_M.m */ = {isa = PBXFileReference; lastKnownFileType = sourcecode.c.objc; path = HPNSimpleObject_M.m; sourceTree = "<group>"; };
		7BDFC218221CC48700AB1EAB /* HPNSimpleObject_M.h */ = {isa = PBXFileReference; lastKnownFileType = sourcecode.c.h; path = HPNSimpleObject_M.h; sourceTree = "<group>"; };
		7BDFC219221CC55E00AB1EAB /* HPNSimpleObject+ManualSwizzle.h */ = {isa = PBXFileReference; lastKnownFileType = sourcecode.c.h; path = "HPNSimpleObject+ManualSwizzle.h"; sourceTree = "<group>"; };
		7BDFC21A221CC55E00AB1EAB /* HPNSimpleObject+ManualSwizzle.m */ = {isa = PBXFileReference; lastKnownFileType = sourcecode.c.objc; path = "HPNSimpleObject+ManualSwizzle.m"; sourceTree = "<group>"; };
		7BF01130223B9C6A0041A66C /* Readme.md */ = {isa = PBXFileReference; lastKnownFileType = net.daringfireball.markdown; path = Readme.md; sourceTree = "<group>"; };
/* End PBXFileReference section */

/* Begin PBXFrameworksBuildPhase section */
		7B6080DD22353CDC00751401 /* Frameworks */ = {
			isa = PBXFrameworksBuildPhase;
			buildActionMask = 2147483647;
			files = (
				7BC0AFD32235D73300EF4920 /* HPNSwizzling.framework in Frameworks */,
			);
			runOnlyForDeploymentPostprocessing = 0;
		};
		7BB682AC221C80E70008DB37 /* Frameworks */ = {
			isa = PBXFrameworksBuildPhase;
			buildActionMask = 2147483647;
			files = (
				7BC0AFD02235D72400EF4920 /* HPNSwizzling.framework in Frameworks */,
			);
			runOnlyForDeploymentPostprocessing = 0;
		};
		7BD029F82237FB2B00794AA5 /* Frameworks */ = {
			isa = PBXFrameworksBuildPhase;
			buildActionMask = 2147483647;
			files = (
				7BD02A0D2238058400794AA5 /* eXtenderZ.framework in Frameworks */,
			);
			runOnlyForDeploymentPostprocessing = 0;
		};
		7BD02A3222386AED00794AA5 /* Frameworks */ = {
			isa = PBXFrameworksBuildPhase;
			buildActionMask = 2147483647;
			files = (
				7BD02A4722386B0500794AA5 /* eXtenderZ.framework in Frameworks */,
			);
			runOnlyForDeploymentPostprocessing = 0;
		};
/* End PBXFrameworksBuildPhase section */

/* Begin PBXGroup section */
		7B6080E122353CDD00751401 /* MethodSwizzlingIniOS */ = {
			isa = PBXGroup;
			children = (
				7B6080E222353CDD00751401 /* AppDelegate.swift */,
				7B6080E422353CDD00751401 /* ViewController.swift */,
				7B6080F422353D3A00751401 /* UIView+Swizzling.h */,
				7B6080F522353D3A00751401 /* UIView+Swizzling.m */,
				7B6080E622353CDD00751401 /* Main.storyboard */,
				7B6080E922353CDF00751401 /* Assets.xcassets */,
				7B6080EB22353CDF00751401 /* LaunchScreen.storyboard */,
				7B6080EE22353CDF00751401 /* Info.plist */,
			);
			path = MethodSwizzlingIniOS;
			sourceTree = "<group>";
		};
		7BB682A6221C80E70008DB37 = {
			isa = PBXGroup;
			children = (
				7BD02A042237FC0300794AA5 /* License.txt */,
				7BF01130223B9C6A0041A66C /* Readme.md */,
				7BB682B1221C80E70008DB37 /* MethodSwizzlingInCLI */,
				7B6080E122353CDD00751401 /* MethodSwizzlingIniOS */,
				7BD029FC2237FB2C00794AA5 /* IsaSwizzlingInCLI */,
				7BD02A3622386AEE00794AA5 /* IsaSwizzlingIniOS */,
				7BB682B9221C82390008DB37 /* Dependencies */,
				7BC0AFC62235D67F00EF4920 /* Carthage */,
				7BB682B0221C80E70008DB37 /* Products */,
			);
			sourceTree = "<group>";
		};
		7BB682B0221C80E70008DB37 /* Products */ = {
			isa = PBXGroup;
			children = (
				7BB682AF221C80E70008DB37 /* MethodSwizzlingInCLI */,
				7B6080E022353CDC00751401 /* MethodSwizzlingIniOS.app */,
				7BD029FB2237FB2B00794AA5 /* IsaSwizzlingInCLI */,
				7BD02A3522386AED00794AA5 /* IsaSwizzlingIniOS.app */,
			);
			name = Products;
			sourceTree = "<group>";
		};
		7BB682B1221C80E70008DB37 /* MethodSwizzlingInCLI */ = {
			isa = PBXGroup;
			children = (
				7BB682B2221C80E80008DB37 /* main.swift */,
				7B6080D8223483F900751401 /* HPNSimpleObject_H.h */,
				7B6080D9223483F900751401 /* HPNSimpleObject_H.m */,
				7B6080D6223483F900751401 /* HPNSimpleObject_J.h */,
				7B6080D7223483F900751401 /* HPNSimpleObject_J.m */,
				7BDFC218221CC48700AB1EAB /* HPNSimpleObject_M.h */,
				7BDFC216221CC45C00AB1EAB /* HPNSimpleObject_M.m */,
				7BDFC219221CC55E00AB1EAB /* HPNSimpleObject+ManualSwizzle.h */,
				7BDFC21A221CC55E00AB1EAB /* HPNSimpleObject+ManualSwizzle.m */,
				7BB682BA221C82720008DB37 /* MethodSwizzlingInCLI-Bridging-Header.h */,
			);
			path = MethodSwizzlingInCLI;
			sourceTree = "<group>";
		};
		7BB682B9221C82390008DB37 /* Dependencies */ = {
			isa = PBXGroup;
			children = (
				7B6080D32234651100751401 /* JRSwizzle.h */,
				7B6080D42234651600751401 /* JRSwizzle.m */,
				7B6080FA223553F900751401 /* ManualSwizzle.h */,
				7B6080F7223553E500751401 /* ManualSwizzle.m */,
			);
			path = Dependencies;
			sourceTree = "<group>";
		};
		7BC0AFC62235D67F00EF4920 /* Carthage */ = {
			isa = PBXGroup;
			children = (
				7BC0AFC82235D6B900EF4920 /* macOS */,
				7BC0AFC72235D6A500EF4920 /* iOS */,
			);
			name = Carthage;
			path = Carthage/Build;
			sourceTree = "<group>";
		};
		7BC0AFC72235D6A500EF4920 /* iOS */ = {
			isa = PBXGroup;
			children = (
				7BC0AFCA2235D71400EF4920 /* eXtenderZ.framework */,
				7BC0AFC92235D71400EF4920 /* HPNSwizzling.framework */,
			);
			path = iOS;
			sourceTree = "<group>";
		};
		7BC0AFC82235D6B900EF4920 /* macOS */ = {
			isa = PBXGroup;
			children = (
				7BC0AFCD2235D72400EF4920 /* eXtenderZ.framework */,
				7BC0AFCE2235D72400EF4920 /* HPNSwizzling.framework */,
			);
			name = macOS;
			path = Mac/Static;
			sourceTree = "<group>";
		};
		7BD029FC2237FB2C00794AA5 /* IsaSwizzlingInCLI */ = {
			isa = PBXGroup;
			children = (
				7BD029FD2237FB2C00794AA5 /* main.swift */,
				7BD02A112238126300794AA5 /* ObjectExtenders.swift */,
				7BD02A062238025500794AA5 /* HPNSimpleObject.h */,
				7BD02A072238025500794AA5 /* HPNSimpleObject.m */,
				7BD02A092238055C00794AA5 /* HPNObjectHelptender.h */,
				7BD02A0A2238055C00794AA5 /* HPNObjectHelptender.m */,
				7BD02A0F2238101A00794AA5 /* ExceptionCatchingInSwift.h */,
				7BD02A0E2238101A00794AA5 /* ExceptionCatchingInSwift.m */,
				7BD02A052238025400794AA5 /* IsaSwizzlingInCLI-Bridging-Header.h */,
			);
			path = IsaSwizzlingInCLI;
			sourceTree = "<group>";
		};
		7BD02A3622386AEE00794AA5 /* IsaSwizzlingIniOS */ = {
			isa = PBXGroup;
			children = (
				7BD02A3722386AEE00794AA5 /* AppDelegate.swift */,
				7BD02A3922386AEE00794AA5 /* ViewController.swift */,
				7BD02A4B22386EDB00794AA5 /* HPNScrollViewHelptender.h */,
				7BD02A4C22386EDB00794AA5 /* HPNScrollViewHelptender.m */,
				7BD02A4E2238727000794AA5 /* CustomCancellableTouchesSVE.swift */,
				7BD02A3B22386AEE00794AA5 /* Main.storyboard */,
				7BD02A3E22386AEF00794AA5 /* Assets.xcassets */,
				7BD02A4022386AEF00794AA5 /* LaunchScreen.storyboard */,
				7BD02A4322386AEF00794AA5 /* Info.plist */,
				7BD02A4A22386EDA00794AA5 /* IsaSwizzlingIniOS-Bridging-Header.h */,
			);
			path = IsaSwizzlingIniOS;
			sourceTree = "<group>";
		};
/* End PBXGroup section */

/* Begin PBXNativeTarget section */
		7B6080DF22353CDC00751401 /* MethodSwizzlingIniOS */ = {
			isa = PBXNativeTarget;
			buildConfigurationList = 7B6080EF22353CDF00751401 /* Build configuration list for PBXNativeTarget "MethodSwizzlingIniOS" */;
			buildPhases = (
				7B6080DC22353CDC00751401 /* Sources */,
				7B6080DD22353CDC00751401 /* Frameworks */,
				7B6080DE22353CDC00751401 /* Resources */,
				7BC0AFD52235D73300EF4920 /* Embed Frameworks */,
			);
			buildRules = (
			);
			dependencies = (
			);
			name = MethodSwizzlingIniOS;
			productName = SwizzleTest;
			productReference = 7B6080E022353CDC00751401 /* MethodSwizzlingIniOS.app */;
			productType = "com.apple.product-type.application";
		};
		7BB682AE221C80E70008DB37 /* MethodSwizzlingInCLI */ = {
			isa = PBXNativeTarget;
			buildConfigurationList = 7BB682B6221C80E80008DB37 /* Build configuration list for PBXNativeTarget "MethodSwizzlingInCLI" */;
			buildPhases = (
				7BB682AB221C80E70008DB37 /* Sources */,
				7BB682AC221C80E70008DB37 /* Frameworks */,
				7BB682AD221C80E70008DB37 /* CopyFiles */,
			);
			buildRules = (
			);
			dependencies = (
			);
			name = MethodSwizzlingInCLI;
			productName = ObjCRuntimeFun;
			productReference = 7BB682AF221C80E70008DB37 /* MethodSwizzlingInCLI */;
			productType = "com.apple.product-type.tool";
		};
		7BD029FA2237FB2B00794AA5 /* IsaSwizzlingInCLI */ = {
			isa = PBXNativeTarget;
			buildConfigurationList = 7BD02A012237FB2C00794AA5 /* Build configuration list for PBXNativeTarget "IsaSwizzlingInCLI" */;
			buildPhases = (
				7BD029F72237FB2B00794AA5 /* Sources */,
				7BD029F82237FB2B00794AA5 /* Frameworks */,
				7BD029F92237FB2B00794AA5 /* CopyFiles */,
			);
			buildRules = (
			);
			dependencies = (
			);
			name = IsaSwizzlingInCLI;
			productName = IsaSwizzlingInCLI;
			productReference = 7BD029FB2237FB2B00794AA5 /* IsaSwizzlingInCLI */;
			productType = "com.apple.product-type.tool";
		};
		7BD02A3422386AED00794AA5 /* IsaSwizzlingIniOS */ = {
			isa = PBXNativeTarget;
			buildConfigurationList = 7BD02A4422386AEF00794AA5 /* Build configuration list for PBXNativeTarget "IsaSwizzlingIniOS" */;
			buildPhases = (
				7BD02A3122386AED00794AA5 /* Sources */,
				7BD02A3222386AED00794AA5 /* Frameworks */,
				7BD02A3322386AED00794AA5 /* Resources */,
				7BD02A4922386B0500794AA5 /* Embed Frameworks */,
			);
			buildRules = (
			);
			dependencies = (
			);
			name = IsaSwizzlingIniOS;
			productName = IsaSwizzlingIniOS;
			productReference = 7BD02A3522386AED00794AA5 /* IsaSwizzlingIniOS.app */;
			productType = "com.apple.product-type.application";
		};
/* End PBXNativeTarget section */

/* Begin PBXProject section */
		7BB682A7221C80E70008DB37 /* Project object */ = {
			isa = PBXProject;
			attributes = {
				LastSwiftUpdateCheck = 1010;
				LastUpgradeCheck = 1010;
				ORGANIZATIONNAME = happn;
				TargetAttributes = {
					7B6080DF22353CDC00751401 = {
						CreatedOnToolsVersion = 10.1;
					};
					7BB682AE221C80E70008DB37 = {
						CreatedOnToolsVersion = 10.1;
						LastSwiftMigration = 1010;
					};
					7BD029FA2237FB2B00794AA5 = {
						CreatedOnToolsVersion = 10.1;
						LastSwiftMigration = 1010;
					};
					7BD02A3422386AED00794AA5 = {
						CreatedOnToolsVersion = 10.1;
						LastSwiftMigration = 1010;
					};
				};
			};
			buildConfigurationList = 7BB682AA221C80E70008DB37 /* Build configuration list for PBXProject "ObjCRuntimeFun" */;
			compatibilityVersion = "Xcode 9.3";
			developmentRegion = en;
			hasScannedForEncodings = 0;
			knownRegions = (
				en,
				Base,
			);
			mainGroup = 7BB682A6221C80E70008DB37;
			productRefGroup = 7BB682B0221C80E70008DB37 /* Products */;
			projectDirPath = "";
			projectRoot = "";
			targets = (
				7BB682AE221C80E70008DB37 /* MethodSwizzlingInCLI */,
				7B6080DF22353CDC00751401 /* MethodSwizzlingIniOS */,
				7BD029FA2237FB2B00794AA5 /* IsaSwizzlingInCLI */,
				7BD02A3422386AED00794AA5 /* IsaSwizzlingIniOS */,
			);
		};
/* End PBXProject section */

/* Begin PBXResourcesBuildPhase section */
		7B6080DE22353CDC00751401 /* Resources */ = {
			isa = PBXResourcesBuildPhase;
			buildActionMask = 2147483647;
			files = (
				7B6080ED22353CDF00751401 /* LaunchScreen.storyboard in Resources */,
				7B6080EA22353CDF00751401 /* Assets.xcassets in Resources */,
				7B6080E822353CDD00751401 /* Main.storyboard in Resources */,
			);
			runOnlyForDeploymentPostprocessing = 0;
		};
		7BD02A3322386AED00794AA5 /* Resources */ = {
			isa = PBXResourcesBuildPhase;
			buildActionMask = 2147483647;
			files = (
				7BD02A4222386AEF00794AA5 /* LaunchScreen.storyboard in Resources */,
				7BD02A3F22386AEF00794AA5 /* Assets.xcassets in Resources */,
				7BD02A3D22386AEE00794AA5 /* Main.storyboard in Resources */,
			);
			runOnlyForDeploymentPostprocessing = 0;
		};
/* End PBXResourcesBuildPhase section */

/* Begin PBXSourcesBuildPhase section */
		7B6080DC22353CDC00751401 /* Sources */ = {
			isa = PBXSourcesBuildPhase;
			buildActionMask = 2147483647;
			files = (
				7B6080F622353D3A00751401 /* UIView+Swizzling.m in Sources */,
				7B6080E522353CDD00751401 /* ViewController.swift in Sources */,
				7B6080F9223553E500751401 /* ManualSwizzle.m in Sources */,
				7B6080F322353CEE00751401 /* JRSwizzle.m in Sources */,
				7B6080E322353CDD00751401 /* AppDelegate.swift in Sources */,
			);
			runOnlyForDeploymentPostprocessing = 0;
		};
		7BB682AB221C80E70008DB37 /* Sources */ = {
			isa = PBXSourcesBuildPhase;
			buildActionMask = 2147483647;
			files = (
				7B6080F8223553E500751401 /* ManualSwizzle.m in Sources */,
				7BDFC21B221CC55E00AB1EAB /* HPNSimpleObject+ManualSwizzle.m in Sources */,
				7BDFC217221CC45C00AB1EAB /* HPNSimpleObject_M.m in Sources */,
				7BB682B3221C80E80008DB37 /* main.swift in Sources */,
				7B6080DA223483F900751401 /* HPNSimpleObject_J.m in Sources */,
				7B6080D52234651600751401 /* JRSwizzle.m in Sources */,
				7B6080DB223483F900751401 /* HPNSimpleObject_H.m in Sources */,
			);
			runOnlyForDeploymentPostprocessing = 0;
		};
		7BD029F72237FB2B00794AA5 /* Sources */ = {
			isa = PBXSourcesBuildPhase;
			buildActionMask = 2147483647;
			files = (
				7BD02A122238126300794AA5 /* ObjectExtenders.swift in Sources */,
				7BD02A102238101A00794AA5 /* ExceptionCatchingInSwift.m in Sources */,
				7BD02A0B2238055C00794AA5 /* HPNObjectHelptender.m in Sources */,
				7BD029FE2237FB2C00794AA5 /* main.swift in Sources */,
				7BD02A082238025500794AA5 /* HPNSimpleObject.m in Sources */,
			);
			runOnlyForDeploymentPostprocessing = 0;
		};
		7BD02A3122386AED00794AA5 /* Sources */ = {
			isa = PBXSourcesBuildPhase;
			buildActionMask = 2147483647;
			files = (
				7BD02A3A22386AEE00794AA5 /* ViewController.swift in Sources */,
				7BD02A4D22386EDB00794AA5 /* HPNScrollViewHelptender.m in Sources */,
				7BD02A4F2238727000794AA5 /* CustomCancellableTouchesSVE.swift in Sources */,
				7BD02A3822386AEE00794AA5 /* AppDelegate.swift in Sources */,
			);
			runOnlyForDeploymentPostprocessing = 0;
		};
/* End PBXSourcesBuildPhase section */

/* Begin PBXVariantGroup section */
		7B6080E622353CDD00751401 /* Main.storyboard */ = {
			isa = PBXVariantGroup;
			children = (
				7B6080E722353CDD00751401 /* Base */,
			);
			name = Main.storyboard;
			sourceTree = "<group>";
		};
		7B6080EB22353CDF00751401 /* LaunchScreen.storyboard */ = {
			isa = PBXVariantGroup;
			children = (
				7B6080EC22353CDF00751401 /* Base */,
			);
			name = LaunchScreen.storyboard;
			sourceTree = "<group>";
		};
		7BD02A3B22386AEE00794AA5 /* Main.storyboard */ = {
			isa = PBXVariantGroup;
			children = (
				7BD02A3C22386AEE00794AA5 /* Base */,
			);
			name = Main.storyboard;
			sourceTree = "<group>";
		};
		7BD02A4022386AEF00794AA5 /* LaunchScreen.storyboard */ = {
			isa = PBXVariantGroup;
			children = (
				7BD02A4122386AEF00794AA5 /* Base */,
			);
			name = LaunchScreen.storyboard;
			sourceTree = "<group>";
		};
/* End PBXVariantGroup section */

/* Begin XCBuildConfiguration section */
		7B6080F022353CDF00751401 /* Debug */ = {
			isa = XCBuildConfiguration;
			buildSettings = {
				ASSETCATALOG_COMPILER_APPICON_NAME = AppIcon;
				CODE_SIGN_IDENTITY = "iPhone Developer";
				CODE_SIGN_STYLE = Automatic;
				FRAMEWORK_SEARCH_PATHS = (
					"$(inherited)",
					"$(PROJECT_DIR)/Carthage/Build/iOS",
				);
				INFOPLIST_FILE = MethodSwizzlingIniOS/Info.plist;
				IPHONEOS_DEPLOYMENT_TARGET = 12.1;
				LD_RUNPATH_SEARCH_PATHS = (
					"$(inherited)",
					"@executable_path/Frameworks",
				);
				PRODUCT_BUNDLE_IDENTIFIER = me.frizlab.SwizzleTest;
				PRODUCT_NAME = "$(TARGET_NAME)";
				SDKROOT = iphoneos;
				SWIFT_VERSION = 4.2;
				TARGETED_DEVICE_FAMILY = "1,2";
			};
			name = Debug;
		};
		7B6080F122353CDF00751401 /* Release */ = {
			isa = XCBuildConfiguration;
			buildSettings = {
				ASSETCATALOG_COMPILER_APPICON_NAME = AppIcon;
				CODE_SIGN_IDENTITY = "iPhone Developer";
				CODE_SIGN_STYLE = Automatic;
				FRAMEWORK_SEARCH_PATHS = (
					"$(inherited)",
					"$(PROJECT_DIR)/Carthage/Build/iOS",
				);
				INFOPLIST_FILE = MethodSwizzlingIniOS/Info.plist;
				IPHONEOS_DEPLOYMENT_TARGET = 12.1;
				LD_RUNPATH_SEARCH_PATHS = (
					"$(inherited)",
					"@executable_path/Frameworks",
				);
				PRODUCT_BUNDLE_IDENTIFIER = me.frizlab.SwizzleTest;
				PRODUCT_NAME = "$(TARGET_NAME)";
				SDKROOT = iphoneos;
				SWIFT_VERSION = 4.2;
				TARGETED_DEVICE_FAMILY = "1,2";
				VALIDATE_PRODUCT = YES;
			};
			name = Release;
		};
		7BB682B4221C80E80008DB37 /* Debug */ = {
			isa = XCBuildConfiguration;
			buildSettings = {
				ALWAYS_SEARCH_USER_PATHS = NO;
				CLANG_ANALYZER_NONNULL = YES;
				CLANG_ANALYZER_NUMBER_OBJECT_CONVERSION = YES_AGGRESSIVE;
				CLANG_CXX_LANGUAGE_STANDARD = "gnu++14";
				CLANG_CXX_LIBRARY = "libc++";
				CLANG_ENABLE_MODULES = YES;
				CLANG_ENABLE_OBJC_ARC = YES;
				CLANG_ENABLE_OBJC_WEAK = YES;
				CLANG_WARN_BLOCK_CAPTURE_AUTORELEASING = YES;
				CLANG_WARN_BOOL_CONVERSION = YES;
				CLANG_WARN_COMMA = YES;
				CLANG_WARN_CONSTANT_CONVERSION = YES;
				CLANG_WARN_DEPRECATED_OBJC_IMPLEMENTATIONS = YES;
				CLANG_WARN_DIRECT_OBJC_ISA_USAGE = YES_ERROR;
				CLANG_WARN_DOCUMENTATION_COMMENTS = YES;
				CLANG_WARN_EMPTY_BODY = YES;
				CLANG_WARN_ENUM_CONVERSION = YES;
				CLANG_WARN_INFINITE_RECURSION = YES;
				CLANG_WARN_INT_CONVERSION = YES;
				CLANG_WARN_NON_LITERAL_NULL_CONVERSION = YES;
				CLANG_WARN_OBJC_IMPLICIT_RETAIN_SELF = YES;
				CLANG_WARN_OBJC_LITERAL_CONVERSION = YES;
				CLANG_WARN_OBJC_ROOT_CLASS = YES_ERROR;
				CLANG_WARN_RANGE_LOOP_ANALYSIS = YES;
				CLANG_WARN_STRICT_PROTOTYPES = YES;
				CLANG_WARN_SUSPICIOUS_MOVE = YES;
				CLANG_WARN_UNGUARDED_AVAILABILITY = YES_AGGRESSIVE;
				CLANG_WARN_UNREACHABLE_CODE = YES;
				CLANG_WARN__DUPLICATE_METHOD_MATCH = YES;
				CODE_SIGN_IDENTITY = "-";
				COPY_PHASE_STRIP = NO;
				DEBUG_INFORMATION_FORMAT = dwarf;
				ENABLE_STRICT_OBJC_MSGSEND = YES;
				ENABLE_TESTABILITY = YES;
				GCC_C_LANGUAGE_STANDARD = gnu11;
				GCC_DYNAMIC_NO_PIC = NO;
				GCC_NO_COMMON_BLOCKS = YES;
				GCC_OPTIMIZATION_LEVEL = 0;
				GCC_PREPROCESSOR_DEFINITIONS = (
					"DEBUG=1",
					"$(inherited)",
				);
				GCC_WARN_64_TO_32_BIT_CONVERSION = YES;
				GCC_WARN_ABOUT_RETURN_TYPE = YES_ERROR;
				GCC_WARN_UNDECLARED_SELECTOR = YES;
				GCC_WARN_UNINITIALIZED_AUTOS = YES_AGGRESSIVE;
				GCC_WARN_UNUSED_FUNCTION = YES;
				GCC_WARN_UNUSED_VARIABLE = YES;
				LD_RUNPATH_SEARCH_PATHS = "${DT_TOOLCHAIN_DIR}/usr/lib/swift/macosx/";
				MACOSX_DEPLOYMENT_TARGET = 10.14;
				MTL_ENABLE_DEBUG_INFO = INCLUDE_SOURCE;
				MTL_FAST_MATH = YES;
				ONLY_ACTIVE_ARCH = YES;
				SDKROOT = macosx;
				SWIFT_ACTIVE_COMPILATION_CONDITIONS = DEBUG;
				SWIFT_OPTIMIZATION_LEVEL = "-Onone";
			};
			name = Debug;
		};
		7BB682B5221C80E80008DB37 /* Release */ = {
			isa = XCBuildConfiguration;
			buildSettings = {
				ALWAYS_SEARCH_USER_PATHS = NO;
				CLANG_ANALYZER_NONNULL = YES;
				CLANG_ANALYZER_NUMBER_OBJECT_CONVERSION = YES_AGGRESSIVE;
				CLANG_CXX_LANGUAGE_STANDARD = "gnu++14";
				CLANG_CXX_LIBRARY = "libc++";
				CLANG_ENABLE_MODULES = YES;
				CLANG_ENABLE_OBJC_ARC = YES;
				CLANG_ENABLE_OBJC_WEAK = YES;
				CLANG_WARN_BLOCK_CAPTURE_AUTORELEASING = YES;
				CLANG_WARN_BOOL_CONVERSION = YES;
				CLANG_WARN_COMMA = YES;
				CLANG_WARN_CONSTANT_CONVERSION = YES;
				CLANG_WARN_DEPRECATED_OBJC_IMPLEMENTATIONS = YES;
				CLANG_WARN_DIRECT_OBJC_ISA_USAGE = YES_ERROR;
				CLANG_WARN_DOCUMENTATION_COMMENTS = YES;
				CLANG_WARN_EMPTY_BODY = YES;
				CLANG_WARN_ENUM_CONVERSION = YES;
				CLANG_WARN_INFINITE_RECURSION = YES;
				CLANG_WARN_INT_CONVERSION = YES;
				CLANG_WARN_NON_LITERAL_NULL_CONVERSION = YES;
				CLANG_WARN_OBJC_IMPLICIT_RETAIN_SELF = YES;
				CLANG_WARN_OBJC_LITERAL_CONVERSION = YES;
				CLANG_WARN_OBJC_ROOT_CLASS = YES_ERROR;
				CLANG_WARN_RANGE_LOOP_ANALYSIS = YES;
				CLANG_WARN_STRICT_PROTOTYPES = YES;
				CLANG_WARN_SUSPICIOUS_MOVE = YES;
				CLANG_WARN_UNGUARDED_AVAILABILITY = YES_AGGRESSIVE;
				CLANG_WARN_UNREACHABLE_CODE = YES;
				CLANG_WARN__DUPLICATE_METHOD_MATCH = YES;
				CODE_SIGN_IDENTITY = "-";
				COPY_PHASE_STRIP = NO;
				DEBUG_INFORMATION_FORMAT = "dwarf-with-dsym";
				ENABLE_NS_ASSERTIONS = NO;
				ENABLE_STRICT_OBJC_MSGSEND = YES;
				GCC_C_LANGUAGE_STANDARD = gnu11;
				GCC_NO_COMMON_BLOCKS = YES;
				GCC_WARN_64_TO_32_BIT_CONVERSION = YES;
				GCC_WARN_ABOUT_RETURN_TYPE = YES_ERROR;
				GCC_WARN_UNDECLARED_SELECTOR = YES;
				GCC_WARN_UNINITIALIZED_AUTOS = YES_AGGRESSIVE;
				GCC_WARN_UNUSED_FUNCTION = YES;
				GCC_WARN_UNUSED_VARIABLE = YES;
				LD_RUNPATH_SEARCH_PATHS = "${DT_TOOLCHAIN_DIR}/usr/lib/swift/macosx/";
				MACOSX_DEPLOYMENT_TARGET = 10.14;
				MTL_ENABLE_DEBUG_INFO = NO;
				MTL_FAST_MATH = YES;
				SDKROOT = macosx;
				SWIFT_COMPILATION_MODE = wholemodule;
				SWIFT_OPTIMIZATION_LEVEL = "-O";
			};
			name = Release;
		};
		7BB682B7221C80E80008DB37 /* Debug */ = {
			isa = XCBuildConfiguration;
			buildSettings = {
				CLANG_ENABLE_MODULES = YES;
				CODE_SIGN_STYLE = Automatic;
				FRAMEWORK_SEARCH_PATHS = (
					"$(inherited)",
					"$(PROJECT_DIR)/Carthage/Build/Mac/Static",
				);
				LD_RUNPATH_SEARCH_PATHS = (
					"$(inherited)",
					"@executable_path/../Frameworks",
					"@loader_path/../Frameworks",
				);
				OTHER_LDFLAGS = "-ObjC";
				PRODUCT_NAME = "$(TARGET_NAME)";
				SWIFT_OBJC_BRIDGING_HEADER = "MethodSwizzlingInCLI/MethodSwizzlingInCLI-Bridging-Header.h";
				SWIFT_OPTIMIZATION_LEVEL = "-Onone";
				SWIFT_VERSION = 4.2;
			};
			name = Debug;
		};
		7BB682B8221C80E80008DB37 /* Release */ = {
			isa = XCBuildConfiguration;
			buildSettings = {
				CLANG_ENABLE_MODULES = YES;
				CODE_SIGN_STYLE = Automatic;
				FRAMEWORK_SEARCH_PATHS = (
					"$(inherited)",
					"$(PROJECT_DIR)/Carthage/Build/Mac/Static",
				);
				LD_RUNPATH_SEARCH_PATHS = (
					"$(inherited)",
					"@executable_path/../Frameworks",
					"@loader_path/../Frameworks",
				);
				OTHER_LDFLAGS = "-ObjC";
				PRODUCT_NAME = "$(TARGET_NAME)";
				SWIFT_OBJC_BRIDGING_HEADER = "MethodSwizzlingInCLI/MethodSwizzlingInCLI-Bridging-Header.h";
				SWIFT_VERSION = 4.2;
			};
			name = Release;
		};
		7BD029FF2237FB2C00794AA5 /* Debug */ = {
			isa = XCBuildConfiguration;
			buildSettings = {
				CLANG_ENABLE_MODULES = YES;
				CODE_SIGN_STYLE = Automatic;
				FRAMEWORK_SEARCH_PATHS = (
					"$(inherited)",
					"$(PROJECT_DIR)/Carthage/Build/Mac/Static",
				);
				LD_RUNPATH_SEARCH_PATHS = (
					"$(inherited)",
					"@executable_path/../Frameworks",
					"@loader_path/../Frameworks",
				);
				OTHER_LDFLAGS = "-ObjC";
				PRODUCT_NAME = "$(TARGET_NAME)";
				SWIFT_OBJC_BRIDGING_HEADER = "IsaSwizzlingInCLI/IsaSwizzlingInCLI-Bridging-Header.h";
				SWIFT_OPTIMIZATION_LEVEL = "-Onone";
				SWIFT_VERSION = 4.2;
			};
			name = Debug;
		};
		7BD02A002237FB2C00794AA5 /* Release */ = {
			isa = XCBuildConfiguration;
			buildSettings = {
				CLANG_ENABLE_MODULES = YES;
				CODE_SIGN_STYLE = Automatic;
				FRAMEWORK_SEARCH_PATHS = (
					"$(inherited)",
					"$(PROJECT_DIR)/Carthage/Build/Mac/Static",
				);
				LD_RUNPATH_SEARCH_PATHS = (
					"$(inherited)",
					"@executable_path/../Frameworks",
					"@loader_path/../Frameworks",
				);
				OTHER_LDFLAGS = "-ObjC";
				PRODUCT_NAME = "$(TARGET_NAME)";
				SWIFT_OBJC_BRIDGING_HEADER = "IsaSwizzlingInCLI/IsaSwizzlingInCLI-Bridging-Header.h";
				SWIFT_VERSION = 4.2;
			};
			name = Release;
		};
		7BD02A4522386AEF00794AA5 /* Debug */ = {
			isa = XCBuildConfiguration;
			buildSettings = {
				ASSETCATALOG_COMPILER_APPICON_NAME = AppIcon;
				CLANG_ENABLE_MODULES = YES;
				CODE_SIGN_IDENTITY = "iPhone Developer";
				CODE_SIGN_STYLE = Automatic;
				FRAMEWORK_SEARCH_PATHS = (
					"$(inherited)",
					"$(PROJECT_DIR)/Carthage/Build/iOS",
				);
				INFOPLIST_FILE = IsaSwizzlingIniOS/Info.plist;
				IPHONEOS_DEPLOYMENT_TARGET = 12.1;
				LD_RUNPATH_SEARCH_PATHS = (
					"$(inherited)",
					"@executable_path/Frameworks",
				);
				PRODUCT_BUNDLE_IDENTIFIER = me.frizlab.IsaSwizzlingIniOS;
				PRODUCT_NAME = "$(TARGET_NAME)";
				SDKROOT = iphoneos;
				SWIFT_OBJC_BRIDGING_HEADER = "IsaSwizzlingIniOS/IsaSwizzlingIniOS-Bridging-Header.h";
				SWIFT_OPTIMIZATION_LEVEL = "-Onone";
				SWIFT_VERSION = 4.2;
				TARGETED_DEVICE_FAMILY = "1,2";
			};
			name = Debug;
		};
		7BD02A4622386AEF00794AA5 /* Release */ = {
			isa = XCBuildConfiguration;
			buildSettings = {
				ASSETCATALOG_COMPILER_APPICON_NAME = AppIcon;
				CLANG_ENABLE_MODULES = YES;
				CODE_SIGN_IDENTITY = "iPhone Developer";
				CODE_SIGN_STYLE = Automatic;
				FRAMEWORK_SEARCH_PATHS = (
					"$(inherited)",
					"$(PROJECT_DIR)/Carthage/Build/iOS",
				);
				INFOPLIST_FILE = IsaSwizzlingIniOS/Info.plist;
				IPHONEOS_DEPLOYMENT_TARGET = 12.1;
				LD_RUNPATH_SEARCH_PATHS = (
					"$(inherited)",
					"@executable_path/Frameworks",
				);
				PRODUCT_BUNDLE_IDENTIFIER = me.frizlab.IsaSwizzlingIniOS;
				PRODUCT_NAME = "$(TARGET_NAME)";
				SDKROOT = iphoneos;
				SWIFT_OBJC_BRIDGING_HEADER = "IsaSwizzlingIniOS/IsaSwizzlingIniOS-Bridging-Header.h";
				SWIFT_VERSION = 4.2;
				TARGETED_DEVICE_FAMILY = "1,2";
				VALIDATE_PRODUCT = YES;
			};
			name = Release;
		};
/* End XCBuildConfiguration section */

/* Begin XCConfigurationList section */
		7B6080EF22353CDF00751401 /* Build configuration list for PBXNativeTarget "MethodSwizzlingIniOS" */ = {
			isa = XCConfigurationList;
			buildConfigurations = (
				7B6080F022353CDF00751401 /* Debug */,
				7B6080F122353CDF00751401 /* Release */,
			);
			defaultConfigurationIsVisible = 0;
			defaultConfigurationName = Release;
		};
		7BB682AA221C80E70008DB37 /* Build configuration list for PBXProject "ObjCRuntimeFun" */ = {
			isa = XCConfigurationList;
			buildConfigurations = (
				7BB682B4221C80E80008DB37 /* Debug */,
				7BB682B5221C80E80008DB37 /* Release */,
			);
			defaultConfigurationIsVisible = 0;
			defaultConfigurationName = Release;
		};
		7BB682B6221C80E80008DB37 /* Build configuration list for PBXNativeTarget "MethodSwizzlingInCLI" */ = {
			isa = XCConfigurationList;
			buildConfigurations = (
				7BB682B7221C80E80008DB37 /* Debug */,
				7BB682B8221C80E80008DB37 /* Release */,
			);
			defaultConfigurationIsVisible = 0;
			defaultConfigurationName = Release;
		};
		7BD02A012237FB2C00794AA5 /* Build configuration list for PBXNativeTarget "IsaSwizzlingInCLI" */ = {
			isa = XCConfigurationList;
			buildConfigurations = (
				7BD029FF2237FB2C00794AA5 /* Debug */,
				7BD02A002237FB2C00794AA5 /* Release */,
			);
			defaultConfigurationIsVisible = 0;
			defaultConfigurationName = Release;
		};
		7BD02A4422386AEF00794AA5 /* Build configuration list for PBXNativeTarget "IsaSwizzlingIniOS" */ = {
			isa = XCConfigurationList;
			buildConfigurations = (
				7BD02A4522386AEF00794AA5 /* Debug */,
				7BD02A4622386AEF00794AA5 /* Release */,
			);
			defaultConfigurationIsVisible = 0;
			defaultConfigurationName = Release;
		};
/* End XCConfigurationList section */
	};
	rootObject = 7BB682A7221C80E70008DB37 /* Project object */;
}
